Microsoft Visual Studio Solution File, Format Version 11.00
# Visual Studio 2015
Project("{2017FD5C-0699-B8DD-A4D8-04A2BDADB84B}") = "VideoPlayer", "VideoPlayer.vcxproj", "{5892FE71-810E-6ECB-541C-A13EFAE8CF86}"
EndProject
Global
	GlobalSection(SolutionConfigurationPlatforms) = preSolution
		Debug|Win32 = Debug|Win32
		Release|Win32 = Release|Win32
	EndGlobalSection
	GlobalSection(ProjectConfigurationPlatforms) = postSolution
		{5892FE71-810E-6ECB-541C-A13EFAE8CF86}.Debug|Win32.ActiveCfg = Debug|Win32
		{5892FE71-810E-6ECB-541C-A13EFAE8CF86}.Debug|Win32.Build.0 = Debug|Win32
		{5892FE71-810E-6ECB-541C-A13EFAE8CF86}.Release|Win32.ActiveCfg = Release|Win32
		{5892FE71-810E-6ECB-541C-A13EFAE8CF86}.Release|Win32.Build.0 = Release|Win32
	EndGlobalSection
	GlobalSection(SolutionProperties) = preSolution
		HideSolutionNode = FALSE
	EndGlobalSection
EndGlobal
