// !$*UTF8*$!
{
	archiveVersion = 1;
	classes = {
	};
	objectVersion = 46;
	objects = {

		84126614E38094C3A6753F77 = {isa = PBXBuildFile; fileRef = 8DF8A1F530B4D5B24DB2131C; };
		CE615F8434ABFDB021B30FFB = {isa = PBXBuildFile; fileRef = CFB3210F0790D39592202590; };
		593329D60E6758C4146C518C = {isa = PBXBuildFile; fileRef = 662BA9AE35EC1C3CACE89D0F; };
		48E26FFCF88747E719A998D3 = {isa = PBXBuildFile; fileRef = 279D2FC78D87D6F7C2A5FB6F; };
		C05FDDE9AC9700481D429AA9 = {isa = PBXBuildFile; fileRef = 1CA0B5B547A04CBEDC73EA29; };
		77B10A2FC144AE8105F3E3CC = {isa = PBXBuildFile; fileRef = 2B017EBADD3C1142DC5B4583; };
		90FFC256DA2692235C34AC47 = {isa = PBXBuildFile; fileRef = 9E0769B33582C0556942253C; };
		2C84E713BD4E8A790B6FB7D0 = {isa = PBXBuildFile; fileRef = 97BF18FDF6295096BAFF514A; };
		2AAB862BBA1269374C8CBF37 = {isa = PBXBuildFile; fileRef = D56051ED1536EE645AF154C4; };
		383EB94E9E953681C7AFE5BE = {isa = PBXBuildFile; fileRef = 30C0A0262206EA700AAE1FC1; };
		B6354D10CFCB76715D00518B = {isa = PBXBuildFile; fileRef = 3E9B3AB19191B41F738629F3; };
		AB3CF6D773A815C9F590561A = {isa = PBXBuildFile; fileRef = BE4E0356AA8265B8866DB6A2; };
		E6E13134807C2B30FC82E9CC = {isa = PBXBuildFile; fileRef = A74DAC0C8D5107ABF6AAEF2D; };
		1DA2ACDDC4DA4D016015ED11 = {isa = PBXBuildFile; fileRef = AED04C702F5B55957D5C445F; };
		35913D20399BA1526162387C = {isa = PBXBuildFile; fileRef = 0CD2392379DE0F9F87A0107E; };
		2B01C40B1DBA960DB3A55B66 = {isa = PBXBuildFile; fileRef = 607CE387A481957CDD59D90E; };
		74E55A83A5367F9ED189BC1F = {isa = PBXBuildFile; fileRef = 7D47134AB08DF97F9DA79300; };
		A8F0A4402B93EF710C262E32 = {isa = PBXBuildFile; fileRef = D9FCEBF3117A0F32EAC498D4; };
		0BD92437D8A2325D5F38D88C = {isa = PBXBuildFile; fileRef = B81BF1239BCF78413757DC1C; };
		D0E4A6DDEB4FA8ACFAAC9196 = {isa = PBXBuildFile; fileRef = 52B267CE2126115014DA1748; };
		CF4B2BDF07BEAD43D3C74000 = {isa = PBXBuildFile; fileRef = FE8AE66E95BB7A2A89FB2302; };
		86215578F641BD4CD768B944 = {isa = PBXBuildFile; fileRef = 3BCCEDFD2C3A07C096624889; };
		8513F4FA617B7FAA2A417744 = {isa = PBXBuildFile; fileRef = 1EBA5D3E157DDDDA5B423EF4; };
		699ECA9670F19F9DED971A6B = {isa = PBXBuildFile; fileRef = 2DD60BD7849677BF1AF4BC18; };
		0774292A8A728CFB5C6EBE7B = {isa = PBXBuildFile; fileRef = 89D541C1C81041585FB7F620; };
		0DF9E6ABDC25C19DEA206B1B = {isa = PBXBuildFile; fileRef = 3D8C99E65316150252498CC8; };
		11DE783EFABFD48CCDC4F4BB = {isa = PBXBuildFile; fileRef = B05227A3BD24ACFAE688B147; };
		9F82D1B651088851DF81A384 = {isa = PBXBuildFile; fileRef = CA32A431DE2B3AB5B4BBA6D7; };
		F44A81EEE6FC217D134DBB90 = {isa = PBXBuildFile; fileRef = 9D7082639AE07EFC4448FD63; };
		7EBB9EB20F6A6EB1E07A2BA1 = {isa = PBXBuildFile; fileRef = 07C37447DC474934AA6113D0; };
		930E5950447B5A2245709B21 = {isa = PBXBuildFile; fileRef = 66280D8E82D2DD905497DB4B; };
		7CD5E6EE983829CD82BC5FFE = {isa = PBXBuildFile; fileRef = A905989DD8CE5F62C0C3E373; };
		07C37447DC474934AA6113D0 = {isa = PBXFileReference; lastKnownFileType = sourcecode.cpp.objcpp; name = "include_juce_gui_extra.mm"; path = "../../JuceLibraryCode/include_juce_gui_extra.mm"; sourceTree = "SOURCE_ROOT"; };
		0CD2392379DE0F9F87A0107E = {isa = PBXFileReference; lastKnownFileType = sourcecode.cpp.cpp; name = MainComponent.cpp; path = ../../Source/MainComponent.cpp; sourceTree = "SOURCE_ROOT"; };
		1CA0B5B547A04CBEDC73EA29 = {isa = PBXFileReference; lastKnownFileType = wrapper.framework; name = Carbon.framework; path = System/Library/Frameworks/Carbon.framework; sourceTree = SDKROOT; };
		1EBA5D3E157DDDDA5B423EF4 = {isa = PBXFileReference; lastKnownFileType = sourcecode.cpp.objcpp; name = "include_juce_audio_processors.mm"; path = "../../JuceLibraryCode/include_juce_audio_processors.mm"; sourceTree = "SOURCE_ROOT"; };
		237FDBE0A0B24D510E72F1FD = {isa = PBXFileReference; lastKnownFileType = file; name = "juce_gui_basics"; path = "$(HOME)/Developer/JUCE5/modules/juce_gui_basics"; sourceTree = "<absolute>"; };
		279D2FC78D87D6F7C2A5FB6F = {isa = PBXFileReference; lastKnownFileType = wrapper.framework; name = AVFoundation.framework; path = System/Library/Frameworks/AVFoundation.framework; sourceTree = SDKROOT; };
		2B017EBADD3C1142DC5B4583 = {isa = PBXFileReference; lastKnownFileType = wrapper.framework; name = Cocoa.framework; path = System/Library/Frameworks/Cocoa.framework; sourceTree = SDKROOT; };
		2DD60BD7849677BF1AF4BC18 = {isa = PBXFileReference; lastKnownFileType = sourcecode.cpp.objcpp; name = "include_juce_core.mm"; path = "../../JuceLibraryCode/include_juce_core.mm"; sourceTree = "SOURCE_ROOT"; };
		30C0A0262206EA700AAE1FC1 = {isa = PBXFileReference; lastKnownFileType = wrapper.framework; name = IOKit.framework; path = System/Library/Frameworks/IOKit.framework; sourceTree = SDKROOT; };
		3BCCEDFD2C3A07C096624889 = {isa = PBXFileReference; lastKnownFileType = sourcecode.cpp.objcpp; name = "include_juce_audio_formats.mm"; path = "../../JuceLibraryCode/include_juce_audio_formats.mm"; sourceTree = "SOURCE_ROOT"; };
		3D8C99E65316150252498CC8 = {isa = PBXFileReference; lastKnownFileType = sourcecode.cpp.objcpp; name = "include_juce_data_structures.mm"; path = "../../JuceLibraryCode/include_juce_data_structures.mm"; sourceTree = "SOURCE_ROOT"; };
		3E9B3AB19191B41F738629F3 = {isa = PBXFileReference; lastKnownFileType = wrapper.framework; name = OpenGL.framework; path = System/Library/Frameworks/OpenGL.framework; sourceTree = SDKROOT; };
		438284FE3877E1977AF27441 = {isa = PBXFileReference; lastKnownFileType = file; name = "juce_opengl"; path = "$(HOME)/Developer/JUCE5/modules/juce_opengl"; sourceTree = "<absolute>"; };
		52B267CE2126115014DA1748 = {isa = PBXFileReference; lastKnownFileType = sourcecode.cpp.objcpp; name = "include_juce_audio_basics.mm"; path = "../../JuceLibraryCode/include_juce_audio_basics.mm"; sourceTree = "SOURCE_ROOT"; };
		52E88916F57D26B99A94EC2B = {isa = PBXFileReference; lastKnownFileType = sourcecode.c.h; name = AppConfig.h; path = ../../JuceLibraryCode/AppConfig.h; sourceTree = "SOURCE_ROOT"; };
		607CE387A481957CDD59D90E = {isa = PBXFileReference; lastKnownFileType = sourcecode.cpp.cpp; name = Main.cpp; path = ../../Source/Main.cpp; sourceTree = "SOURCE_ROOT"; };
		66280D8E82D2DD905497DB4B = {isa = PBXFileReference; lastKnownFileType = sourcecode.cpp.objcpp; name = "include_juce_opengl.mm"; path = "../../JuceLibraryCode/include_juce_opengl.mm"; sourceTree = "SOURCE_ROOT"; };
		662BA9AE35EC1C3CACE89D0F = {isa = PBXFileReference; lastKnownFileType = wrapper.framework; name = AudioToolbox.framework; path = System/Library/Frameworks/AudioToolbox.framework; sourceTree = SDKROOT; };
		6EC2D41E236228B2D0F1C127 = {isa = PBXFileReference; lastKnownFileType = file; name = "juce_audio_processors"; path = "$(HOME)/Developer/JUCE5/modules/juce_audio_processors"; sourceTree = "<absolute>"; };
		72BB758EA230626FC98EDD2B = {isa = PBXFileReference; lastKnownFileType = file; name = "filmstro_audiohelpers"; path = "../../../../modules/filmstro_audiohelpers"; sourceTree = "SOURCE_ROOT"; };
		7D47134AB08DF97F9DA79300 = {isa = PBXFileReference; lastKnownFileType = sourcecode.cpp.cpp; name = "include_filmstro_ffmpeg_FFmpegVideoComponent.cpp"; path = "../../JuceLibraryCode/include_filmstro_ffmpeg_FFmpegVideoComponent.cpp"; sourceTree = "SOURCE_ROOT"; };
		7EA266B152B5E71634EE7E90 = {isa = PBXFileReference; lastKnownFileType = file; name = "juce_events"; path = "$(HOME)/Developer/JUCE5/modules/juce_events"; sourceTree = "<absolute>"; };
		87AA51F8ABC360ED4BE5A3D5 = {isa = PBXFileReference; lastKnownFileType = file; name = "juce_audio_basics"; path = "$(HOME)/Developer/JUCE5/modules/juce_audio_basics"; sourceTree = "<absolute>"; };
		883ADA1A8E18370962E49FCD = {isa = PBXFileReference; lastKnownFileType = file; name = "juce_data_structures"; path = "$(HOME)/Developer/JUCE5/modules/juce_data_structures"; sourceTree = "<absolute>"; };
		89D541C1C81041585FB7F620 = {isa = PBXFileReference; lastKnownFileType = sourcecode.cpp.objcpp; name = "include_juce_cryptography.mm"; path = "../../JuceLibraryCode/include_juce_cryptography.mm"; sourceTree = "SOURCE_ROOT"; };
		8B684384CABF6CA6E885CF81 = {isa = PBXFileReference; lastKnownFileType = sourcecode.c.h; name = JuceHeader.h; path = ../../JuceLibraryCode/JuceHeader.h; sourceTree = "SOURCE_ROOT"; };
		8DF8A1F530B4D5B24DB2131C = {isa = PBXFileReference; explicitFileType = wrapper.application; includeInIndex = 0; path = AnimationWriter.app; sourceTree = "BUILT_PRODUCTS_DIR"; };
		97BF18FDF6295096BAFF514A = {isa = PBXFileReference; lastKnownFileType = wrapper.framework; name = CoreMedia.framework; path = System/Library/Frameworks/CoreMedia.framework; sourceTree = SDKROOT; };
		9D7082639AE07EFC4448FD63 = {isa = PBXFileReference; lastKnownFileType = sourcecode.cpp.objcpp; name = "include_juce_gui_basics.mm"; path = "../../JuceLibraryCode/include_juce_gui_basics.mm"; sourceTree = "SOURCE_ROOT"; };
		9E0769B33582C0556942253C = {isa = PBXFileReference; lastKnownFileType = wrapper.framework; name = CoreAudio.framework; path = System/Library/Frameworks/CoreAudio.framework; sourceTree = SDKROOT; };
		A283AB3BA5E5BB13A672D29F = {isa = PBXFileReference; lastKnownFileType = file; name = "filmstro_ffmpeg"; path = "../../../../modules/filmstro_ffmpeg"; sourceTree = "SOURCE_ROOT"; };
		A59C895A18329C62AD9A039B = {isa = PBXFileReference; lastKnownFileType = file; name = "juce_cryptography"; path = "$(HOME)/Developer/JUCE5/modules/juce_cryptography"; sourceTree = "<absolute>"; };
		A74DAC0C8D5107ABF6AAEF2D = {isa = PBXFileReference; lastKnownFileType = wrapper.framework; name = WebKit.framework; path = System/Library/Frameworks/WebKit.framework; sourceTree = SDKROOT; };
		A905989DD8CE5F62C0C3E373 = {isa = PBXFileReference; lastKnownFileType = sourcecode.cpp.objcpp; name = "include_juce_video.mm"; path = "../../JuceLibraryCode/include_juce_video.mm"; sourceTree = "SOURCE_ROOT"; };
		AED04C702F5B55957D5C445F = {isa = PBXFileReference; lastKnownFileType = file.nib; name = RecentFilesMenuTemplate.nib; path = RecentFilesMenuTemplate.nib; sourceTree = "SOURCE_ROOT"; };
		B05227A3BD24ACFAE688B147 = {isa = PBXFileReference; lastKnownFileType = sourcecode.cpp.objcpp; name = "include_juce_events.mm"; path = "../../JuceLibraryCode/include_juce_events.mm"; sourceTree = "SOURCE_ROOT"; };
		B13037D3D34D3E0805769B4F = {isa = PBXFileReference; lastKnownFileType = file; name = "juce_graphics"; path = "$(HOME)/Developer/JUCE5/modules/juce_graphics"; sourceTree = "<absolute>"; };
		B5497809C3BE72F221C205AB = {isa = PBXFileReference; lastKnownFileType = text.plist.xml; name = "Info-App.plist"; path = "Info-App.plist"; sourceTree = "SOURCE_ROOT"; };
		B73FD37DB7C051B88D354E30 = {isa = PBXFileReference; lastKnownFileType = file; name = "juce_core"; path = "$(HOME)/Developer/JUCE5/modules/juce_core"; sourceTree = "<absolute>"; };
		B81BF1239BCF78413757DC1C = {isa = PBXFileReference; lastKnownFileType = sourcecode.cpp.cpp; name = "include_filmstro_ffmpeg_FFmpegVideoWriter.cpp"; path = "../../JuceLibraryCode/include_filmstro_ffmpeg_FFmpegVideoWriter.cpp"; sourceTree = "SOURCE_ROOT"; };
		B96262CDB7EC68FB4A7B15C1 = {isa = PBXFileReference; lastKnownFileType = file; name = "juce_audio_devices"; path = "$(HOME)/Developer/JUCE5/modules/juce_audio_devices"; sourceTree = "<absolute>"; };
		BE4E0356AA8265B8866DB6A2 = {isa = PBXFileReference; lastKnownFileType = wrapper.framework; name = QuartzCore.framework; path = System/Library/Frameworks/QuartzCore.framework; sourceTree = SDKROOT; };
		CA32A431DE2B3AB5B4BBA6D7 = {isa = PBXFileReference; lastKnownFileType = sourcecode.cpp.objcpp; name = "include_juce_graphics.mm"; path = "../../JuceLibraryCode/include_juce_graphics.mm"; sourceTree = "SOURCE_ROOT"; };
		CFB3210F0790D39592202590 = {isa = PBXFileReference; lastKnownFileType = wrapper.framework; name = Accelerate.framework; path = System/Library/Frameworks/Accelerate.framework; sourceTree = SDKROOT; };
		D56051ED1536EE645AF154C4 = {isa = PBXFileReference; lastKnownFileType = wrapper.framework; name = CoreMIDI.framework; path = System/Library/Frameworks/CoreMIDI.framework; sourceTree = SDKROOT; };
		D9FCEBF3117A0F32EAC498D4 = {isa = PBXFileReference; lastKnownFileType = sourcecode.cpp.cpp; name = "include_filmstro_ffmpeg_FFmpegVideoReader.cpp"; path = "../../JuceLibraryCode/include_filmstro_ffmpeg_FFmpegVideoReader.cpp"; sourceTree = "SOURCE_ROOT"; };
		DE0D306E8BA00467337E9D82 = {isa = PBXFileReference; lastKnownFileType = file; name = "juce_video"; path = "$(HOME)/Developer/JUCE5/modules/juce_video"; sourceTree = "<absolute>"; };
		DF6B2F765E7761DB1C5DC083 = {isa = PBXFileReference; lastKnownFileType = file; name = "juce_gui_extra"; path = "$(HOME)/Developer/JUCE5/modules/juce_gui_extra"; sourceTree = "<absolute>"; };
		FDEAA1C503C7808DD969B2A4 = {isa = PBXFileReference; lastKnownFileType = file; name = "juce_audio_formats"; path = "$(HOME)/Developer/JUCE5/modules/juce_audio_formats"; sourceTree = "<absolute>"; };
		FE8AE66E95BB7A2A89FB2302 = {isa = PBXFileReference; lastKnownFileType = sourcecode.cpp.objcpp; name = "include_juce_audio_devices.mm"; path = "../../JuceLibraryCode/include_juce_audio_devices.mm"; sourceTree = "SOURCE_ROOT"; };
		945A878486F49E9C89244D90 = {isa = PBXGroup; children = (
					0CD2392379DE0F9F87A0107E,
					607CE387A481957CDD59D90E, ); name = Source; sourceTree = "<group>"; };
		78F0CD72045EA38F6D2A47A6 = {isa = PBXGroup; children = (
					945A878486F49E9C89244D90, ); name = AnimationWriter; sourceTree = "<group>"; };
		6ED9A120F41C32CDFA5A6700 = {isa = PBXGroup; children = (
					72BB758EA230626FC98EDD2B,
					A283AB3BA5E5BB13A672D29F,
					87AA51F8ABC360ED4BE5A3D5,
					B96262CDB7EC68FB4A7B15C1,
					FDEAA1C503C7808DD969B2A4,
					6EC2D41E236228B2D0F1C127,
					B73FD37DB7C051B88D354E30,
					A59C895A18329C62AD9A039B,
					883ADA1A8E18370962E49FCD,
					7EA266B152B5E71634EE7E90,
					B13037D3D34D3E0805769B4F,
					237FDBE0A0B24D510E72F1FD,
					DF6B2F765E7761DB1C5DC083,
					438284FE3877E1977AF27441,
					DE0D306E8BA00467337E9D82, ); name = "Juce Modules"; sourceTree = "<group>"; };
		41C5DD571C74F64C5CA70811 = {isa = PBXGroup; children = (
					52E88916F57D26B99A94EC2B,
					7D47134AB08DF97F9DA79300,
					D9FCEBF3117A0F32EAC498D4,
					B81BF1239BCF78413757DC1C,
					52B267CE2126115014DA1748,
					FE8AE66E95BB7A2A89FB2302,
					3BCCEDFD2C3A07C096624889,
					1EBA5D3E157DDDDA5B423EF4,
					2DD60BD7849677BF1AF4BC18,
					89D541C1C81041585FB7F620,
					3D8C99E65316150252498CC8,
					B05227A3BD24ACFAE688B147,
					CA32A431DE2B3AB5B4BBA6D7,
					9D7082639AE07EFC4448FD63,
					07C37447DC474934AA6113D0,
					66280D8E82D2DD905497DB4B,
					A905989DD8CE5F62C0C3E373,
					8B684384CABF6CA6E885CF81, ); name = "Juce Library Code"; sourceTree = "<group>"; };
		D8669A6265CA1F15C34E3164 = {isa = PBXGroup; children = (
					B5497809C3BE72F221C205AB,
					AED04C702F5B55957D5C445F, ); name = Resources; sourceTree = "<group>"; };
		02EA7C7CB17F53C195545442 = {isa = PBXGroup; children = (
					CFB3210F0790D39592202590,
					662BA9AE35EC1C3CACE89D0F,
					279D2FC78D87D6F7C2A5FB6F,
					1CA0B5B547A04CBEDC73EA29,
					2B017EBADD3C1142DC5B4583,
					9E0769B33582C0556942253C,
					97BF18FDF6295096BAFF514A,
					D56051ED1536EE645AF154C4,
					30C0A0262206EA700AAE1FC1,
					3E9B3AB19191B41F738629F3,
					BE4E0356AA8265B8866DB6A2,
					A74DAC0C8D5107ABF6AAEF2D, ); name = Frameworks; sourceTree = "<group>"; };
		8BFE04FF8097C999BF6B1964 = {isa = PBXGroup; children = (
					8DF8A1F530B4D5B24DB2131C, ); name = Products; sourceTree = "<group>"; };
		31511396049F550DED41F41D = {isa = PBXGroup; children = (
					78F0CD72045EA38F6D2A47A6,
					6ED9A120F41C32CDFA5A6700,
					41C5DD571C74F64C5CA70811,
					D8669A6265CA1F15C34E3164,
					02EA7C7CB17F53C195545442,
					8BFE04FF8097C999BF6B1964, ); name = Source; sourceTree = "<group>"; };
		066983D19FEF06B6D9D88FA9 = {isa = XCBuildConfiguration; buildSettings = {
				CLANG_CXX_LANGUAGE_STANDARD = "c++0x";
				CLANG_LINK_OBJC_RUNTIME = NO;
				COMBINE_HIDPI_IMAGES = YES;
				CONFIGURATION_BUILD_DIR = "$(PROJECT_DIR)/build/$(CONFIGURATION)";
				COPY_PHASE_STRIP = NO;
				GCC_DYNAMIC_NO_PIC = NO;
				GCC_OPTIMIZATION_LEVEL = 0;
				GCC_PREPROCESSOR_DEFINITIONS = (
					"_DEBUG=1",
					"DEBUG=1",
					"FFMPEG_ROOT=/usr/local",
					"JUCER_XCODE_MAC_F6D2F4CF=1",
					"JUCE_APP_VERSION=1.0.0",
					"JUCE_APP_VERSION_HEX=0x10000",
					"JucePlugin_Build_VST=0",
					"JucePlugin_Build_VST3=0",
					"JucePlugin_Build_AU=0",
					"JucePlugin_Build_AUv3=0",
					"JucePlugin_Build_RTAS=0",
					"JucePlugin_Build_AAX=0",
					"JucePlugin_Build_Standalone=0", );
				GCC_VERSION = com.apple.compilers.llvm.clang.1_0;
				HEADER_SEARCH_PATHS = ("../../JuceLibraryCode", "../../../../modules", "~/Developer/JUCE5/modules", "$(inherited)");
				INFOPLIST_FILE = Info-App.plist;
				INFOPLIST_PREPROCESS = NO;
				INSTALL_PATH = "$(HOME)/Applications";
				MACOSX_DEPLOYMENT_TARGET = 10.11;
				MACOSX_DEPLOYMENT_TARGET_ppc = 10.4;
				OTHER_CPLUSPLUSFLAGS = "-Wno-reserved-user-defined-literal -I/usr/local/include";
				OTHER_LDFLAGS = "-L/usr/local/lib -lavformat -lavutil -lavcodec -lswscale -lswresample";
				PRODUCT_BUNDLE_IDENTIFIER = com.yourcompany.AnimationWriter;
				SDKROOT_ppc = macosx10.5;
				USE_HEADERMAP = NO; }; name = Debug; };
		F99DD5D54406C943444B6911 = {isa = XCBuildConfiguration; buildSettings = {
				CLANG_CXX_LANGUAGE_STANDARD = "c++0x";
				CLANG_LINK_OBJC_RUNTIME = NO;
				COMBINE_HIDPI_IMAGES = YES;
				CONFIGURATION_BUILD_DIR = "$(PROJECT_DIR)/build/$(CONFIGURATION)";
				DEAD_CODE_STRIPPING = YES;
				GCC_GENERATE_DEBUGGING_SYMBOLS = NO;
				GCC_OPTIMIZATION_LEVEL = 3;
				GCC_PREPROCESSOR_DEFINITIONS = (
					"_NDEBUG=1",
					"NDEBUG=1",
					"FFMPEG_ROOT=/usr/local",
					"JUCER_XCODE_MAC_F6D2F4CF=1",
					"JUCE_APP_VERSION=1.0.0",
					"JUCE_APP_VERSION_HEX=0x10000",
					"JucePlugin_Build_VST=0",
					"JucePlugin_Build_VST3=0",
					"JucePlugin_Build_AU=0",
					"JucePlugin_Build_AUv3=0",
					"JucePlugin_Build_RTAS=0",
					"JucePlugin_Build_AAX=0",
					"JucePlugin_Build_Standalone=0", );
				GCC_SYMBOLS_PRIVATE_EXTERN = YES;
				GCC_VERSION = com.apple.compilers.llvm.clang.1_0;
				HEADER_SEARCH_PATHS = ("../../JuceLibraryCode", "../../../../modules", "~/Developer/JUCE5/modules", "$(inherited)");
				INFOPLIST_FILE = Info-App.plist;
				INFOPLIST_PREPROCESS = NO;
				INSTALL_PATH = "$(HOME)/Applications";
				MACOSX_DEPLOYMENT_TARGET = 10.11;
				MACOSX_DEPLOYMENT_TARGET_ppc = 10.4;
				OTHER_CPLUSPLUSFLAGS = "-Wno-reserved-user-defined-literal -I/usr/local/include";
				OTHER_LDFLAGS = "-L/usr/local/lib -lavformat -lavutil -lavcodec -lswscale -lswresample";
				PRODUCT_BUNDLE_IDENTIFIER = com.yourcompany.AnimationWriter;
				SDKROOT_ppc = macosx10.5;
				USE_HEADERMAP = NO; }; name = Release; };
		F9941B8D7DFDAB3B819AB248 = {isa = XCBuildConfiguration; buildSettings = {
				ALWAYS_SEARCH_USER_PATHS = NO;
				DEBUG_INFORMATION_FORMAT = "dwarf";
				ENABLE_TESTABILITY = YES;
				GCC_C_LANGUAGE_STANDARD = c11;
				GCC_INLINES_ARE_PRIVATE_EXTERN = YES;
				GCC_MODEL_TUNING = G5;
				GCC_WARN_ABOUT_RETURN_TYPE = YES;
				GCC_WARN_CHECK_SWITCH_STATEMENTS = YES;
				GCC_WARN_MISSING_PARENTHESES = YES;
				GCC_WARN_NON_VIRTUAL_DESTRUCTOR = YES;
				GCC_WARN_TYPECHECK_CALLS_TO_PRINTF = YES;
				GCC_WARN_UNUSED_VARIABLE = YES;
				ONLY_ACTIVE_ARCH = YES;
				PRODUCT_NAME = "AnimationWriter";
				WARNING_CFLAGS = -Wreorder;
				ZERO_LINK = NO; }; name = Debug; };
		460AD3503A3223BEF2698BE2 = {isa = XCBuildConfiguration; buildSettings = {
				ALWAYS_SEARCH_USER_PATHS = NO;
				DEBUG_INFORMATION_FORMAT = "dwarf";
				GCC_C_LANGUAGE_STANDARD = c11;
				GCC_INLINES_ARE_PRIVATE_EXTERN = YES;
				GCC_MODEL_TUNING = G5;
				GCC_WARN_ABOUT_RETURN_TYPE = YES;
				GCC_WARN_CHECK_SWITCH_STATEMENTS = YES;
				GCC_WARN_MISSING_PARENTHESES = YES;
				GCC_WARN_NON_VIRTUAL_DESTRUCTOR = YES;
				GCC_WARN_TYPECHECK_CALLS_TO_PRINTF = YES;
				GCC_WARN_UNUSED_VARIABLE = YES;
				PRODUCT_NAME = "AnimationWriter";
				WARNING_CFLAGS = -Wreorder;
				ZERO_LINK = NO; }; name = Release; };
		5E8742E6ADED0EC90F6C38AA = {isa = PBXTargetDependency; target = 5D6BC08B04394F552E02BFF9; };
		94EAD700A7D3033D1BFEDAF0 = {isa = XCConfigurationList; buildConfigurations = (
					F9941B8D7DFDAB3B819AB248,
					460AD3503A3223BEF2698BE2, ); defaultConfigurationIsVisible = 0; defaultConfigurationName = Debug; };
		56F62D5302E537E6E8679767 = {isa = XCConfigurationList; buildConfigurations = (
					066983D19FEF06B6D9D88FA9,
					F99DD5D54406C943444B6911, ); defaultConfigurationIsVisible = 0; defaultConfigurationName = Debug; };
		0FF969CA22DF317AC1372AE5 = {isa = PBXResourcesBuildPhase; buildActionMask = 2147483647; files = (
					1DA2ACDDC4DA4D016015ED11, ); runOnlyForDeploymentPostprocessing = 0; };
		C0373C521259D11A862870DC = {isa = PBXSourcesBuildPhase; buildActionMask = 2147483647; files = (
					35913D20399BA1526162387C,
					2B01C40B1DBA960DB3A55B66,
					74E55A83A5367F9ED189BC1F,
					A8F0A4402B93EF710C262E32,
					0BD92437D8A2325D5F38D88C,
					D0E4A6DDEB4FA8ACFAAC9196,
					CF4B2BDF07BEAD43D3C74000,
					86215578F641BD4CD768B944,
					8513F4FA617B7FAA2A417744,
					699ECA9670F19F9DED971A6B,
					0774292A8A728CFB5C6EBE7B,
					0DF9E6ABDC25C19DEA206B1B,
					11DE783EFABFD48CCDC4F4BB,
					9F82D1B651088851DF81A384,
					F44A81EEE6FC217D134DBB90,
					7EBB9EB20F6A6EB1E07A2BA1,
					930E5950447B5A2245709B21,
					7CD5E6EE983829CD82BC5FFE, ); runOnlyForDeploymentPostprocessing = 0; };
		7226A6A93265F6BC225430EF = {isa = PBXFrameworksBuildPhase; buildActionMask = 2147483647; files = (
					CE615F8434ABFDB021B30FFB,
					593329D60E6758C4146C518C,
					48E26FFCF88747E719A998D3,
					C05FDDE9AC9700481D429AA9,
					77B10A2FC144AE8105F3E3CC,
					90FFC256DA2692235C34AC47,
					2C84E713BD4E8A790B6FB7D0,
					2AAB862BBA1269374C8CBF37,
					383EB94E9E953681C7AFE5BE,
					B6354D10CFCB76715D00518B,
					AB3CF6D773A815C9F590561A,
					E6E13134807C2B30FC82E9CC, ); runOnlyForDeploymentPostprocessing = 0; };
		5D6BC08B04394F552E02BFF9 = {isa = PBXNativeTarget; buildConfigurationList = 56F62D5302E537E6E8679767; buildPhases = (
					0FF969CA22DF317AC1372AE5,
					C0373C521259D11A862870DC,
					7226A6A93265F6BC225430EF, ); buildRules = ( ); dependencies = (  ); name = "AnimationWriter - App"; productName = AnimationWriter; productReference = 8DF8A1F530B4D5B24DB2131C; productType = "com.apple.product-type.application"; };
		8B6A3CB88895A77F238B08B6 = {isa = PBXProject; buildConfigurationList = 94EAD700A7D3033D1BFEDAF0; attributes = { LastUpgradeCheck = 0830; TargetAttributes = { 5D6BC08B04394F552E02BFF9 = { SystemCapabilities = {com.apple.InAppPurchase = { enabled = 0; }; com.apple.InterAppAudio = { enabled = 0; }; com.apple.Sandbox = { enabled = 0; }; }; }; }; }; compatibilityVersion = "Xcode 3.2"; hasScannedForEncodings = 0; mainGroup = 31511396049F550DED41F41D; projectDirPath = ""; projectRoot = ""; targets = (5D6BC08B04394F552E02BFF9); };
	};
	rootObject = 8B6A3CB88895A77F238B08B6;
}
