// !$*UTF8*$!
{
	archiveVersion = 1;
	classes = {
	};
	objectVersion = 46;
	objects = {

		2D832346E6648904DFC7CE85 = {isa = PBXBuildFile; fileRef = AC0B8DE9B652EF02C72F4C85; };
		AF2261CB96FA1D5D65BEB8DB = {isa = PBXBuildFile; fileRef = DA256C843B3991CCED326C10; };
		E909AE9E824E59AE14B589DB = {isa = PBXBuildFile; fileRef = C132B4BC63B718BD40BE7A19; };
		4C1FF712B3CB1258906B77D9 = {isa = PBXBuildFile; fileRef = 40534B876F33202D48BC6909; };
		CA70FE08C305E1AE1F9B0C69 = {isa = PBXBuildFile; fileRef = 29B50223CE43941FC0CA1624; };
		5931DC04CB246B6D2ED66EC3 = {isa = PBXBuildFile; fileRef = 8DCAD401AC3BCCDF445C0708; };
		DC1CDB9FB693CF56DDC21ED4 = {isa = PBXBuildFile; fileRef = 5F355AC3BEDF1DD381D64AC4; };
		DBD010C72F78ABBFA5236D74 = {isa = PBXBuildFile; fileRef = 6E74633E379CAFF46801C50A; };
		E86B5C9461D5D815E1902618 = {isa = PBXBuildFile; fileRef = D58B5902A1986F492ADF94FD; };
		7982B337039157A37960E50C = {isa = PBXBuildFile; fileRef = F944AA6212B021E56B100E2B; };
		F2D512C48FAFA2EDFDC4B0D3 = {isa = PBXBuildFile; fileRef = A256C97FACE8552FC0BB1ECA; };
		208D3D34B1B75C0C2F5A22FC = {isa = PBXBuildFile; fileRef = AD6F7F0286872B0C35386079; };
		F44FA0356BEEB00E24508DEA = {isa = PBXBuildFile; fileRef = FE3B0EABAC5B604D8B17C310; };
		2C9ACC9A77A6DBB928599446 = {isa = PBXBuildFile; fileRef = A603155DC3DD8BAF0EDB1907; };
		1810045F911B5823D455D0C8 = {isa = PBXBuildFile; fileRef = 8231D1A89D06EAA5D786C274; };
		0B1F910B6404C5D2D59AB44F = {isa = PBXBuildFile; fileRef = 174735E85B8049282945305A; };
		010B3B5AD490BBC1AD321147 = {isa = PBXBuildFile; fileRef = BB17901282A81C872DFC2CEE; };
		E63645A1C8C424D7D0080ED0 = {isa = PBXBuildFile; fileRef = DE0B3BED9AFCE69B5EB72BA9; };
		3DBE46EF55F5D59F4097679A = {isa = PBXBuildFile; fileRef = D7432E8A211D24B9B016BC87; };
		2DA036DCAFED899986513DB5 = {isa = PBXBuildFile; fileRef = BA456D712B4FA73B33F4087A; };
		64A65FC085DEF96DD03A9E97 = {isa = PBXBuildFile; fileRef = D0CFD63A990C0FC9B9EC7FEB; };
		7E1E1074994F3B67A583A635 = {isa = PBXBuildFile; fileRef = 9C9B349E38D4F8205A1B9821; };
		F56F57E6F14E27401C0B9A7D = {isa = PBXBuildFile; fileRef = 355F91DC8B0E1A85540957EF; };
		778E9A351387FD161AAA419E = {isa = PBXBuildFile; fileRef = 5E51CB0CD9B57C5A39E30317; };
		2DB4F5F1E992F3B1044174FC = {isa = PBXBuildFile; fileRef = B7D49C327BC87AE8859E61C7; };
		49D9831D8027949ADBE95C6E = {isa = PBXBuildFile; fileRef = CF764603FEA9695E39ACB444; };
		05614448952910EEB2D9DEFC = {isa = PBXBuildFile; fileRef = C535097A2B6B97CBB831A4B7; };
		0B4423BCCBD8A449C91B7CEE = {isa = PBXBuildFile; fileRef = E7926875BB65E08DBD347CEC; };
		8CC547BA9EE0996750E45250 = {isa = PBXBuildFile; fileRef = A65B83A034B6AA470FF1AFDD; };
		2465DFA8FE0F09A4A16515BC = {isa = PBXBuildFile; fileRef = 1180B708B875E0FA415E7133; };
		FDBD25BBEDF412E5217E0603 = {isa = PBXBuildFile; fileRef = 6E3649B30615F1175CB71E49; };
		1180B708B875E0FA415E7133 = {isa = PBXFileReference; lastKnownFileType = sourcecode.cpp.objcpp; name = "juce_gui_extra.mm"; path = "../../JuceLibraryCode/juce_gui_extra.mm"; sourceTree = "SOURCE_ROOT"; };
		174735E85B8049282945305A = {isa = PBXFileReference; lastKnownFileType = sourcecode.cpp.cpp; name = "ff_meters_LevelMeter.cpp"; path = "../../JuceLibraryCode/ff_meters_LevelMeter.cpp"; sourceTree = "SOURCE_ROOT"; };
		298413391BA71FD5A419CD37 = {isa = PBXFileReference; lastKnownFileType = sourcecode.c.h; name = OSDComponent.h; path = ../../Source/OSDComponent.h; sourceTree = "SOURCE_ROOT"; };
		29B50223CE43941FC0CA1624 = {isa = PBXFileReference; lastKnownFileType = wrapper.framework; name = Cocoa.framework; path = System/Library/Frameworks/Cocoa.framework; sourceTree = SDKROOT; };
		355F91DC8B0E1A85540957EF = {isa = PBXFileReference; lastKnownFileType = sourcecode.cpp.objcpp; name = "juce_audio_processors.mm"; path = "../../JuceLibraryCode/juce_audio_processors.mm"; sourceTree = "SOURCE_ROOT"; };
		40534B876F33202D48BC6909 = {isa = PBXFileReference; lastKnownFileType = wrapper.framework; name = Carbon.framework; path = System/Library/Frameworks/Carbon.framework; sourceTree = SDKROOT; };
		4097542D42FBFE74D71E1C7C = {isa = PBXFileReference; lastKnownFileType = file; name = "filmstro_audiohelpers"; path = "../../../../modules/filmstro_audiohelpers"; sourceTree = "SOURCE_ROOT"; };
		464B4A0F9C7A2D3A368F6E74 = {isa = PBXFileReference; lastKnownFileType = file; name = "juce_events"; path = "../../../../../../../JUCE/modules/juce_events"; sourceTree = "SOURCE_ROOT"; };
		496E61CA6262CDACC336D780 = {isa = PBXFileReference; lastKnownFileType = file; name = "juce_gui_extra"; path = "../../../../../../../JUCE/modules/juce_gui_extra"; sourceTree = "SOURCE_ROOT"; };
		5E22683718256419703F89C4 = {isa = PBXFileReference; lastKnownFileType = file; name = "juce_graphics"; path = "../../../../../../../JUCE/modules/juce_graphics"; sourceTree = "SOURCE_ROOT"; };
		5E51CB0CD9B57C5A39E30317 = {isa = PBXFileReference; lastKnownFileType = sourcecode.cpp.objcpp; name = "juce_audio_utils.mm"; path = "../../JuceLibraryCode/juce_audio_utils.mm"; sourceTree = "SOURCE_ROOT"; };
		5F355AC3BEDF1DD381D64AC4 = {isa = PBXFileReference; lastKnownFileType = wrapper.framework; name = CoreMIDI.framework; path = System/Library/Frameworks/CoreMIDI.framework; sourceTree = SDKROOT; };
		6E3649B30615F1175CB71E49 = {isa = PBXFileReference; lastKnownFileType = sourcecode.cpp.objcpp; name = "juce_opengl.mm"; path = "../../JuceLibraryCode/juce_opengl.mm"; sourceTree = "SOURCE_ROOT"; };
		6E74633E379CAFF46801C50A = {isa = PBXFileReference; lastKnownFileType = wrapper.framework; name = DiscRecording.framework; path = System/Library/Frameworks/DiscRecording.framework; sourceTree = SDKROOT; };
		7A4B3D1A08E4ACA35148011A = {isa = PBXFileReference; lastKnownFileType = text.plist.xml; name = "Info-App.plist"; path = "Info-App.plist"; sourceTree = "SOURCE_ROOT"; };
		7E3229A8D1D039E0163F0062 = {isa = PBXFileReference; lastKnownFileType = sourcecode.c.h; name = JuceHeader.h; path = ../../JuceLibraryCode/JuceHeader.h; sourceTree = "SOURCE_ROOT"; };
		8231D1A89D06EAA5D786C274 = {isa = PBXFileReference; lastKnownFileType = sourcecode.cpp.cpp; name = MainComponent.cpp; path = ../../Source/MainComponent.cpp; sourceTree = "SOURCE_ROOT"; };
		85B54901CCA0793E3ABBEEFF = {isa = PBXFileReference; lastKnownFileType = sourcecode.c.h; name = AppConfig.h; path = ../../JuceLibraryCode/AppConfig.h; sourceTree = "SOURCE_ROOT"; };
		8DCAD401AC3BCCDF445C0708 = {isa = PBXFileReference; lastKnownFileType = wrapper.framework; name = CoreAudio.framework; path = System/Library/Frameworks/CoreAudio.framework; sourceTree = SDKROOT; };
		8F7D09306D4E820BA1410E37 = {isa = PBXFileReference; lastKnownFileType = file; name = "juce_audio_formats"; path = "../../../../../../../JUCE/modules/juce_audio_formats"; sourceTree = "SOURCE_ROOT"; };
		953DBE2CED9CC2F15A6C0941 = {isa = PBXFileReference; lastKnownFileType = file; name = "juce_audio_utils"; path = "../../../../../../../JUCE/modules/juce_audio_utils"; sourceTree = "SOURCE_ROOT"; };
		9C9B349E38D4F8205A1B9821 = {isa = PBXFileReference; lastKnownFileType = sourcecode.cpp.objcpp; name = "juce_audio_formats.mm"; path = "../../JuceLibraryCode/juce_audio_formats.mm"; sourceTree = "SOURCE_ROOT"; };
		A256C97FACE8552FC0BB1ECA = {isa = PBXFileReference; lastKnownFileType = wrapper.framework; name = QuartzCore.framework; path = System/Library/Frameworks/QuartzCore.framework; sourceTree = SDKROOT; };
		A2D9CA5D7B41F9847C02F428 = {isa = PBXFileReference; lastKnownFileType = file; name = "juce_core"; path = "../../../../../../../JUCE/modules/juce_core"; sourceTree = "SOURCE_ROOT"; };
		A603155DC3DD8BAF0EDB1907 = {isa = PBXFileReference; lastKnownFileType = sourcecode.cpp.cpp; name = Main.cpp; path = ../../Source/Main.cpp; sourceTree = "SOURCE_ROOT"; };
		A65B83A034B6AA470FF1AFDD = {isa = PBXFileReference; lastKnownFileType = sourcecode.cpp.objcpp; name = "juce_gui_basics.mm"; path = "../../JuceLibraryCode/juce_gui_basics.mm"; sourceTree = "SOURCE_ROOT"; };
		AC0B8DE9B652EF02C72F4C85 = {isa = PBXFileReference; explicitFileType = wrapper.application; includeInIndex = 0; path = VideoPlayer.app; sourceTree = "BUILT_PRODUCTS_DIR"; };
		AD6F7F0286872B0C35386079 = {isa = PBXFileReference; lastKnownFileType = wrapper.framework; name = WebKit.framework; path = System/Library/Frameworks/WebKit.framework; sourceTree = SDKROOT; };
		B34A8933ACF20D55CFFB9064 = {isa = PBXFileReference; lastKnownFileType = file; name = "juce_opengl"; path = "../../../../../../../JUCE/modules/juce_opengl"; sourceTree = "SOURCE_ROOT"; };
		B7D49C327BC87AE8859E61C7 = {isa = PBXFileReference; lastKnownFileType = sourcecode.cpp.objcpp; name = "juce_core.mm"; path = "../../JuceLibraryCode/juce_core.mm"; sourceTree = "SOURCE_ROOT"; };
		BA456D712B4FA73B33F4087A = {isa = PBXFileReference; lastKnownFileType = sourcecode.cpp.objcpp; name = "juce_audio_basics.mm"; path = "../../JuceLibraryCode/juce_audio_basics.mm"; sourceTree = "SOURCE_ROOT"; };
		BB17901282A81C872DFC2CEE = {isa = PBXFileReference; lastKnownFileType = sourcecode.cpp.cpp; name = "filmstro_ffmpeg_FFmpegVideoComponent.cpp"; path = "../../JuceLibraryCode/filmstro_ffmpeg_FFmpegVideoComponent.cpp"; sourceTree = "SOURCE_ROOT"; };
		C132B4BC63B718BD40BE7A19 = {isa = PBXFileReference; lastKnownFileType = wrapper.framework; name = AudioToolbox.framework; path = System/Library/Frameworks/AudioToolbox.framework; sourceTree = SDKROOT; };
		C535097A2B6B97CBB831A4B7 = {isa = PBXFileReference; lastKnownFileType = sourcecode.cpp.objcpp; name = "juce_events.mm"; path = "../../JuceLibraryCode/juce_events.mm"; sourceTree = "SOURCE_ROOT"; };
		CF764603FEA9695E39ACB444 = {isa = PBXFileReference; lastKnownFileType = sourcecode.cpp.objcpp; name = "juce_data_structures.mm"; path = "../../JuceLibraryCode/juce_data_structures.mm"; sourceTree = "SOURCE_ROOT"; };
		D0CFD63A990C0FC9B9EC7FEB = {isa = PBXFileReference; lastKnownFileType = sourcecode.cpp.objcpp; name = "juce_audio_devices.mm"; path = "../../JuceLibraryCode/juce_audio_devices.mm"; sourceTree = "SOURCE_ROOT"; };
		D39BDB5B580CEE35C386CC5A = {isa = PBXFileReference; lastKnownFileType = file; name = "juce_audio_processors"; path = "../../../../../../../JUCE/modules/juce_audio_processors"; sourceTree = "SOURCE_ROOT"; };
		D58B5902A1986F492ADF94FD = {isa = PBXFileReference; lastKnownFileType = wrapper.framework; name = IOKit.framework; path = System/Library/Frameworks/IOKit.framework; sourceTree = SDKROOT; };
		D7432E8A211D24B9B016BC87 = {isa = PBXFileReference; lastKnownFileType = sourcecode.cpp.cpp; name = "filmstro_ffmpeg_FFmpegVideoWriter.cpp"; path = "../../JuceLibraryCode/filmstro_ffmpeg_FFmpegVideoWriter.cpp"; sourceTree = "SOURCE_ROOT"; };
		DA256C843B3991CCED326C10 = {isa = PBXFileReference; lastKnownFileType = wrapper.framework; name = Accelerate.framework; path = System/Library/Frameworks/Accelerate.framework; sourceTree = SDKROOT; };
		DA400EE8E94E93956DDB9627 = {isa = PBXFileReference; lastKnownFileType = file; name = "filmstro_ffmpeg"; path = "../../../../modules/filmstro_ffmpeg"; sourceTree = "SOURCE_ROOT"; };
		DA51479D3FE50C276EABAF4F = {isa = PBXFileReference; lastKnownFileType = file; name = "juce_audio_devices"; path = "../../../../../../../JUCE/modules/juce_audio_devices"; sourceTree = "SOURCE_ROOT"; };
		DC2A9B46D5E21291188CCC17 = {isa = PBXFileReference; lastKnownFileType = file; name = "juce_data_structures"; path = "../../../../../../../JUCE/modules/juce_data_structures"; sourceTree = "SOURCE_ROOT"; };
		DE0B3BED9AFCE69B5EB72BA9 = {isa = PBXFileReference; lastKnownFileType = sourcecode.cpp.cpp; name = "filmstro_ffmpeg_FFmpegVideoReader.cpp"; path = "../../JuceLibraryCode/filmstro_ffmpeg_FFmpegVideoReader.cpp"; sourceTree = "SOURCE_ROOT"; };
		E4BAFA7C266446FB30C7DDBA = {isa = PBXFileReference; lastKnownFileType = file; name = "ff_meters"; path = "../../../../../ff_meters"; sourceTree = "SOURCE_ROOT"; };
		E7926875BB65E08DBD347CEC = {isa = PBXFileReference; lastKnownFileType = sourcecode.cpp.objcpp; name = "juce_graphics.mm"; path = "../../JuceLibraryCode/juce_graphics.mm"; sourceTree = "SOURCE_ROOT"; };
		E8FAB93EAEAAAD6E1415F76A = {isa = PBXFileReference; lastKnownFileType = file; name = "juce_audio_basics"; path = "../../../../../../../JUCE/modules/juce_audio_basics"; sourceTree = "SOURCE_ROOT"; };
		F1B9DE4E37D3173B676C478B = {isa = PBXFileReference; lastKnownFileType = file; name = "juce_gui_basics"; path = "../../../../../../../JUCE/modules/juce_gui_basics"; sourceTree = "SOURCE_ROOT"; };
		F944AA6212B021E56B100E2B = {isa = PBXFileReference; lastKnownFileType = wrapper.framework; name = OpenGL.framework; path = System/Library/Frameworks/OpenGL.framework; sourceTree = SDKROOT; };
		FE3B0EABAC5B604D8B17C310 = {isa = PBXFileReference; lastKnownFileType = file.nib; name = RecentFilesMenuTemplate.nib; path = RecentFilesMenuTemplate.nib; sourceTree = "SOURCE_ROOT"; };
		239C2F3A1D1C9ACC1F7FECAB = {isa = PBXGroup; children = (
					A603155DC3DD8BAF0EDB1907,
					8231D1A89D06EAA5D786C274,
					298413391BA71FD5A419CD37, ); name = Source; sourceTree = "<group>"; };
		B0617B191DE7E8002290DA7C = {isa = PBXGroup; children = (
					239C2F3A1D1C9ACC1F7FECAB, ); name = VideoPlayer; sourceTree = "<group>"; };
		D59E63176C7C2B243765D1DD = {isa = PBXGroup; children = (
					E4BAFA7C266446FB30C7DDBA,
					4097542D42FBFE74D71E1C7C,
					DA400EE8E94E93956DDB9627,
					E8FAB93EAEAAAD6E1415F76A,
					DA51479D3FE50C276EABAF4F,
					8F7D09306D4E820BA1410E37,
					D39BDB5B580CEE35C386CC5A,
					953DBE2CED9CC2F15A6C0941,
					A2D9CA5D7B41F9847C02F428,
					DC2A9B46D5E21291188CCC17,
					464B4A0F9C7A2D3A368F6E74,
					5E22683718256419703F89C4,
					F1B9DE4E37D3173B676C478B,
					496E61CA6262CDACC336D780,
					B34A8933ACF20D55CFFB9064, ); name = "Juce Modules"; sourceTree = "<group>"; };
		26571B325245E0DFF0B35CBE = {isa = PBXGroup; children = (
					85B54901CCA0793E3ABBEEFF,
					174735E85B8049282945305A,
					BB17901282A81C872DFC2CEE,
					DE0B3BED9AFCE69B5EB72BA9,
					D7432E8A211D24B9B016BC87,
					BA456D712B4FA73B33F4087A,
					D0CFD63A990C0FC9B9EC7FEB,
					9C9B349E38D4F8205A1B9821,
					355F91DC8B0E1A85540957EF,
					5E51CB0CD9B57C5A39E30317,
					B7D49C327BC87AE8859E61C7,
					CF764603FEA9695E39ACB444,
					C535097A2B6B97CBB831A4B7,
					E7926875BB65E08DBD347CEC,
					A65B83A034B6AA470FF1AFDD,
					1180B708B875E0FA415E7133,
					6E3649B30615F1175CB71E49,
					7E3229A8D1D039E0163F0062, ); name = "Juce Library Code"; sourceTree = "<group>"; };
		2BA69C593CE7A3FA9C531B0B = {isa = PBXGroup; children = (
					7A4B3D1A08E4ACA35148011A,
					FE3B0EABAC5B604D8B17C310, ); name = Resources; sourceTree = "<group>"; };
		2597F53E7CC51239357C9B77 = {isa = PBXGroup; children = (
					DA256C843B3991CCED326C10,
					C132B4BC63B718BD40BE7A19,
					40534B876F33202D48BC6909,
					29B50223CE43941FC0CA1624,
					8DCAD401AC3BCCDF445C0708,
					5F355AC3BEDF1DD381D64AC4,
					6E74633E379CAFF46801C50A,
					D58B5902A1986F492ADF94FD,
					F944AA6212B021E56B100E2B,
					A256C97FACE8552FC0BB1ECA,
					AD6F7F0286872B0C35386079, ); name = Frameworks; sourceTree = "<group>"; };
		75F7330D5B78C5839CA28362 = {isa = PBXGroup; children = (
					AC0B8DE9B652EF02C72F4C85, ); name = Products; sourceTree = "<group>"; };
		4EEC147205AD3C89D5B0A5A2 = {isa = PBXGroup; children = (
					B0617B191DE7E8002290DA7C,
					D59E63176C7C2B243765D1DD,
					26571B325245E0DFF0B35CBE,
					2BA69C593CE7A3FA9C531B0B,
					2597F53E7CC51239357C9B77,
					75F7330D5B78C5839CA28362, ); name = Source; sourceTree = "<group>"; };
		6354A2513F212189A7347FA6 = {isa = XCBuildConfiguration; buildSettings = {
				CLANG_CXX_LANGUAGE_STANDARD = "c++0x";
				CLANG_CXX_LANGUAGE_STANDARD = "c++11";
				CLANG_CXX_LIBRARY = "libc++";
				CLANG_LINK_OBJC_RUNTIME = NO;
				COMBINE_HIDPI_IMAGES = YES;
				CONFIGURATION_BUILD_DIR = "$(PROJECT_DIR)/build/$(CONFIGURATION)";
				COPY_PHASE_STRIP = NO;
				GCC_DYNAMIC_NO_PIC = NO;
				GCC_OPTIMIZATION_LEVEL = 0;
				GCC_PREPROCESSOR_DEFINITIONS = (
					"_DEBUG=1",
					"DEBUG=1",
					"FFMPEG_ROOT=../../../../../ffmpeg/build",
					"JUCER_XCODE_MAC_F6D2F4CF=1",
					"JUCE_APP_VERSION=1.0.0",
					"JUCE_APP_VERSION_HEX=0x10000",
					"JucePlugin_Build_VST=0",
					"JucePlugin_Build_VST3=0",
					"JucePlugin_Build_AU=0",
					"JucePlugin_Build_AUv3=0",
					"JucePlugin_Build_RTAS=0",
					"JucePlugin_Build_AAX=0",
					"JucePlugin_Build_Standalone=0", );
				GCC_VERSION = com.apple.compilers.llvm.clang.1_0;
				HEADER_SEARCH_PATHS = ("../../JuceLibraryCode", "../../../../../../OpenSource", "../../../../modules", "../../../../../../../JUCE/modules", "$(inherited)");
				INFOPLIST_FILE = Info-App.plist;
				INSTALL_PATH = "$(HOME)/Applications";
				MACOSX_DEPLOYMENT_TARGET = 10.7;
				MACOSX_DEPLOYMENT_TARGET_ppc = 10.4;
				OTHER_CPLUSPLUSFLAGS = "-Wno-reserved-user-defined-literal -I../../../../../ffmpeg/build/include";
				OTHER_LDFLAGS = "-L../../../../../ffmpeg/build/lib -lavformat -lavutil -lavcodec -lswscale -lswresample";
				PRODUCT_BUNDLE_IDENTIFIER = com.yourcompany.VideoLibTest;
				SDKROOT_ppc = macosx10.5; }; name = Debug; };
		3018F4FA017C2934998F26DB = {isa = XCBuildConfiguration; buildSettings = {
				CLANG_CXX_LANGUAGE_STANDARD = "c++0x";
				CLANG_CXX_LANGUAGE_STANDARD = "c++11";
				CLANG_CXX_LIBRARY = "libc++";
				CLANG_LINK_OBJC_RUNTIME = NO;
				COMBINE_HIDPI_IMAGES = YES;
				CONFIGURATION_BUILD_DIR = "$(PROJECT_DIR)/build/$(CONFIGURATION)";
				DEAD_CODE_STRIPPING = YES;
				GCC_GENERATE_DEBUGGING_SYMBOLS = NO;
				GCC_OPTIMIZATION_LEVEL = 3;
				GCC_PREPROCESSOR_DEFINITIONS = (
					"_NDEBUG=1",
					"NDEBUG=1",
					"FFMPEG_ROOT=../../../../../ffmpeg/build",
					"JUCER_XCODE_MAC_F6D2F4CF=1",
					"JUCE_APP_VERSION=1.0.0",
					"JUCE_APP_VERSION_HEX=0x10000",
					"JucePlugin_Build_VST=0",
					"JucePlugin_Build_VST3=0",
					"JucePlugin_Build_AU=0",
					"JucePlugin_Build_AUv3=0",
					"JucePlugin_Build_RTAS=0",
					"JucePlugin_Build_AAX=0",
					"JucePlugin_Build_Standalone=0", );
				GCC_SYMBOLS_PRIVATE_EXTERN = YES;
				GCC_VERSION = com.apple.compilers.llvm.clang.1_0;
				HEADER_SEARCH_PATHS = ("../../JuceLibraryCode", "../../../../../../OpenSource", "../../../../modules", "../../../../../../../JUCE/modules", "$(inherited)");
				INFOPLIST_FILE = Info-App.plist;
				INSTALL_PATH = "$(HOME)/Applications";
				MACOSX_DEPLOYMENT_TARGET = 10.7;
				MACOSX_DEPLOYMENT_TARGET_ppc = 10.4;
				OTHER_CPLUSPLUSFLAGS = "-Wno-reserved-user-defined-literal -I../../../../../ffmpeg/build/include";
				OTHER_LDFLAGS = "-L../../../../../ffmpeg/build/lib -lavformat -lavutil -lavcodec -lswscale -lswresample";
				PRODUCT_BUNDLE_IDENTIFIER = com.yourcompany.VideoLibTest;
				SDKROOT_ppc = macosx10.5; }; name = Release; };
		CB15DC7BD7C85A27FED39D67 = {isa = XCBuildConfiguration; buildSettings = {
				ALWAYS_SEARCH_USER_PATHS = NO;
				DEBUG_INFORMATION_FORMAT = "dwarf";
				ENABLE_TESTABILITY = YES;
				GCC_C_LANGUAGE_STANDARD = c11;
				GCC_INLINES_ARE_PRIVATE_EXTERN = YES;
				GCC_MODEL_TUNING = G5;
				GCC_WARN_ABOUT_RETURN_TYPE = YES;
				GCC_WARN_CHECK_SWITCH_STATEMENTS = YES;
				GCC_WARN_MISSING_PARENTHESES = YES;
				GCC_WARN_NON_VIRTUAL_DESTRUCTOR = YES;
				GCC_WARN_TYPECHECK_CALLS_TO_PRINTF = YES;
				GCC_WARN_UNUSED_VARIABLE = YES;
				ONLY_ACTIVE_ARCH = YES;
				PRODUCT_NAME = "VideoPlayer";
				WARNING_CFLAGS = -Wreorder;
				ZERO_LINK = NO; }; name = Debug; };
		E8EACC2F0C79898CBEAA60EA = {isa = XCBuildConfiguration; buildSettings = {
				ALWAYS_SEARCH_USER_PATHS = NO;
				DEBUG_INFORMATION_FORMAT = "dwarf";
				GCC_C_LANGUAGE_STANDARD = c11;
				GCC_INLINES_ARE_PRIVATE_EXTERN = YES;
				GCC_MODEL_TUNING = G5;
				GCC_WARN_ABOUT_RETURN_TYPE = YES;
				GCC_WARN_CHECK_SWITCH_STATEMENTS = YES;
				GCC_WARN_MISSING_PARENTHESES = YES;
				GCC_WARN_NON_VIRTUAL_DESTRUCTOR = YES;
				GCC_WARN_TYPECHECK_CALLS_TO_PRINTF = YES;
				GCC_WARN_UNUSED_VARIABLE = YES;
				PRODUCT_NAME = "VideoPlayer";
				WARNING_CFLAGS = -Wreorder;
				ZERO_LINK = NO; }; name = Release; };
		E0A5027F499D1116E4A2F1E9 = {isa = PBXTargetDependency; target = 0703591482F018AC57E1DE0A; };
		6A0C2331CDE9D6CF53FDD980 = {isa = XCConfigurationList; buildConfigurations = (
					CB15DC7BD7C85A27FED39D67,
					E8EACC2F0C79898CBEAA60EA, ); defaultConfigurationIsVisible = 0; defaultConfigurationName = Debug; };
		69AFE1BA2B8E1EE63D34AE47 = {isa = XCConfigurationList; buildConfigurations = (
					6354A2513F212189A7347FA6,
					3018F4FA017C2934998F26DB, ); defaultConfigurationIsVisible = 0; defaultConfigurationName = Debug; };
		1EE9AE7158F6A5746A5F8257 = {isa = PBXResourcesBuildPhase; buildActionMask = 2147483647; files = (
					F44FA0356BEEB00E24508DEA, ); runOnlyForDeploymentPostprocessing = 0; };
		A7ED28578EE2FC7BFAA84ACC = {isa = PBXSourcesBuildPhase; buildActionMask = 2147483647; files = (
					2C9ACC9A77A6DBB928599446,
					1810045F911B5823D455D0C8,
					0B1F910B6404C5D2D59AB44F,
					010B3B5AD490BBC1AD321147,
					E63645A1C8C424D7D0080ED0,
					3DBE46EF55F5D59F4097679A,
					2DA036DCAFED899986513DB5,
					64A65FC085DEF96DD03A9E97,
					7E1E1074994F3B67A583A635,
					F56F57E6F14E27401C0B9A7D,
					778E9A351387FD161AAA419E,
					2DB4F5F1E992F3B1044174FC,
					49D9831D8027949ADBE95C6E,
					05614448952910EEB2D9DEFC,
					0B4423BCCBD8A449C91B7CEE,
					8CC547BA9EE0996750E45250,
					2465DFA8FE0F09A4A16515BC,
					FDBD25BBEDF412E5217E0603, ); runOnlyForDeploymentPostprocessing = 0; };
		9B70C6BF09C465C2B819793E = {isa = PBXFrameworksBuildPhase; buildActionMask = 2147483647; files = (
					AF2261CB96FA1D5D65BEB8DB,
					E909AE9E824E59AE14B589DB,
					4C1FF712B3CB1258906B77D9,
					CA70FE08C305E1AE1F9B0C69,
					5931DC04CB246B6D2ED66EC3,
					DC1CDB9FB693CF56DDC21ED4,
					DBD010C72F78ABBFA5236D74,
					E86B5C9461D5D815E1902618,
					7982B337039157A37960E50C,
					F2D512C48FAFA2EDFDC4B0D3,
					208D3D34B1B75C0C2F5A22FC, ); runOnlyForDeploymentPostprocessing = 0; };
		0703591482F018AC57E1DE0A = {isa = PBXNativeTarget; buildConfigurationList = 69AFE1BA2B8E1EE63D34AE47; buildPhases = (
					1EE9AE7158F6A5746A5F8257,
					A7ED28578EE2FC7BFAA84ACC,
					9B70C6BF09C465C2B819793E, ); buildRules = ( ); dependencies = (  ); name = "VideoPlayer - App"; productName = VideoPlayer; productReference = AC0B8DE9B652EF02C72F4C85; productType = "com.apple.product-type.application"; };
		DBEAB7551A6EA6959135DAB2 = {isa = PBXProject; buildConfigurationList = 6A0C2331CDE9D6CF53FDD980; attributes = { LastUpgradeCheck = 0820; TargetAttributes = { 0703591482F018AC57E1DE0A = { SystemCapabilities = {com.apple.InAppPurchase = { enabled = 0; }; com.apple.InterAppAudio = { enabled = 0; }; com.apple.Sandbox = { enabled = 0; }; }; }; }; }; compatibilityVersion = "Xcode 3.2"; hasScannedForEncodings = 0; mainGroup = 4EEC147205AD3C89D5B0A5A2; projectDirPath = ""; projectRoot = ""; targets = (0703591482F018AC57E1DE0A); };
	};
	rootObject = DBEAB7551A6EA6959135DAB2;
}
