// !$*UTF8*$!
{
	archiveVersion = 1;
	classes = {
	};
	objectVersion = 46;
	objects = {

		2D832346E6648904DFC7CE85 = {isa = PBXBuildFile; fileRef = AC0B8DE9B652EF02C72F4C85; };
		AF2261CB96FA1D5D65BEB8DB = {isa = PBXBuildFile; fileRef = DA256C843B3991CCED326C10; };
		E909AE9E824E59AE14B589DB = {isa = PBXBuildFile; fileRef = C132B4BC63B718BD40BE7A19; };
		4C1FF712B3CB1258906B77D9 = {isa = PBXBuildFile; fileRef = 40534B876F33202D48BC6909; };
		CA70FE08C305E1AE1F9B0C69 = {isa = PBXBuildFile; fileRef = 29B50223CE43941FC0CA1624; };
		5931DC04CB246B6D2ED66EC3 = {isa = PBXBuildFile; fileRef = 8DCAD401AC3BCCDF445C0708; };
		DC1CDB9FB693CF56DDC21ED4 = {isa = PBXBuildFile; fileRef = 5F355AC3BEDF1DD381D64AC4; };
		DBD010C72F78ABBFA5236D74 = {isa = PBXBuildFile; fileRef = 6E74633E379CAFF46801C50A; };
		E86B5C9461D5D815E1902618 = {isa = PBXBuildFile; fileRef = D58B5902A1986F492ADF94FD; };
		7982B337039157A37960E50C = {isa = PBXBuildFile; fileRef = F944AA6212B021E56B100E2B; };
		F2D512C48FAFA2EDFDC4B0D3 = {isa = PBXBuildFile; fileRef = A256C97FACE8552FC0BB1ECA; };
		208D3D34B1B75C0C2F5A22FC = {isa = PBXBuildFile; fileRef = AD6F7F0286872B0C35386079; };
		F44FA0356BEEB00E24508DEA = {isa = PBXBuildFile; fileRef = FE3B0EABAC5B604D8B17C310; };
		2C9ACC9A77A6DBB928599446 = {isa = PBXBuildFile; fileRef = A603155DC3DD8BAF0EDB1907; };
		1810045F911B5823D455D0C8 = {isa = PBXBuildFile; fileRef = 8231D1A89D06EAA5D786C274; };
		807CAF1DA8022EC113666D53 = {isa = PBXBuildFile; fileRef = F9FB64986042B18867077214; };
		BADEADCD80E12B6C41F975C5 = {isa = PBXBuildFile; fileRef = 2B5991290E191ABFEF31E152; };
		C98B30418F3C910D157C788B = {isa = PBXBuildFile; fileRef = 64C20FEB0E98A8604876E8C4; };
		E815DA34E73D81E956991516 = {isa = PBXBuildFile; fileRef = C1AB14E4B472336EB3C8EC30; };
		6F5EF43421951D9A81F19605 = {isa = PBXBuildFile; fileRef = 3825CDE4D6CC2496653314C4; };
		CFDBFE307CE4390192AEFE65 = {isa = PBXBuildFile; fileRef = 9A9AE944A17C48B796CE18BC; };
		6F5994E0A2EBCB11EBDA8F97 = {isa = PBXBuildFile; fileRef = A721E37976C96E43BFCE5FB5; };
		614548C65D79BCD8C2E2B080 = {isa = PBXBuildFile; fileRef = F9FE8A17D76024FB3A44D677; };
		B88D70D6298A83845141FCDC = {isa = PBXBuildFile; fileRef = 72B3EB8B6349F760C95A2A65; };
		D4F10ED38F65A89861BDA512 = {isa = PBXBuildFile; fileRef = 6842AEC0D468CE734CE2E5B2; };
		0A7D29CCF315421EDF5CD0C0 = {isa = PBXBuildFile; fileRef = D25B8445A0883F92A16C838A; };
		AC782695E21D1E7BC8D5B3BC = {isa = PBXBuildFile; fileRef = 6B7C0F40679F9D07C4889747; };
		0966ED99B28466B63553C101 = {isa = PBXBuildFile; fileRef = E0D4122BA367AC8A92B8DD86; };
		F363565EBD7E71C4DEC55CAA = {isa = PBXBuildFile; fileRef = 1EDDF3556E99419D8A12BC28; };
		B6C47809B405C1DDEC568FB4 = {isa = PBXBuildFile; fileRef = 2E68C008D964AA1DC071CA8A; };
		14A316580016434BFC3667B7 = {isa = PBXFileReference; lastKnownFileType = file; name = "juce_data_structures"; path = "$(HOME)/Developer/JUCE5/modules/juce_data_structures"; sourceTree = "<absolute>"; };
		193A876E5F452837D7470CB0 = {isa = PBXFileReference; lastKnownFileType = file; name = "juce_gui_extra"; path = "$(HOME)/Developer/JUCE5/modules/juce_gui_extra"; sourceTree = "<absolute>"; };
		1EDDF3556E99419D8A12BC28 = {isa = PBXFileReference; lastKnownFileType = sourcecode.cpp.objcpp; name = "include_juce_gui_extra.mm"; path = "../../JuceLibraryCode/include_juce_gui_extra.mm"; sourceTree = "SOURCE_ROOT"; };
		1FBDAABB5C4415318FC1E848 = {isa = PBXFileReference; lastKnownFileType = file; name = "juce_opengl"; path = "$(HOME)/Developer/JUCE5/modules/juce_opengl"; sourceTree = "<absolute>"; };
		298413391BA71FD5A419CD37 = {isa = PBXFileReference; lastKnownFileType = sourcecode.c.h; name = OSDComponent.h; path = ../../Source/OSDComponent.h; sourceTree = "SOURCE_ROOT"; };
		29B50223CE43941FC0CA1624 = {isa = PBXFileReference; lastKnownFileType = wrapper.framework; name = Cocoa.framework; path = System/Library/Frameworks/Cocoa.framework; sourceTree = SDKROOT; };
		2B5991290E191ABFEF31E152 = {isa = PBXFileReference; lastKnownFileType = sourcecode.cpp.cpp; name = "include_filmstro_ffmpeg_FFmpegVideoReader.cpp"; path = "../../JuceLibraryCode/include_filmstro_ffmpeg_FFmpegVideoReader.cpp"; sourceTree = "SOURCE_ROOT"; };
		2E0E76D52BF25D4CCA6A070F = {isa = PBXFileReference; lastKnownFileType = file; name = "juce_audio_basics"; path = "$(HOME)/Developer/JUCE5/modules/juce_audio_basics"; sourceTree = "<absolute>"; };
		2E68C008D964AA1DC071CA8A = {isa = PBXFileReference; lastKnownFileType = sourcecode.cpp.objcpp; name = "include_juce_opengl.mm"; path = "../../JuceLibraryCode/include_juce_opengl.mm"; sourceTree = "SOURCE_ROOT"; };
		312AE76E53D264D5A8EA735A = {isa = PBXFileReference; lastKnownFileType = file; name = "juce_audio_utils"; path = "$(HOME)/Developer/JUCE5/modules/juce_audio_utils"; sourceTree = "<absolute>"; };
		3825CDE4D6CC2496653314C4 = {isa = PBXFileReference; lastKnownFileType = sourcecode.cpp.objcpp; name = "include_juce_audio_devices.mm"; path = "../../JuceLibraryCode/include_juce_audio_devices.mm"; sourceTree = "SOURCE_ROOT"; };
		40534B876F33202D48BC6909 = {isa = PBXFileReference; lastKnownFileType = wrapper.framework; name = Carbon.framework; path = System/Library/Frameworks/Carbon.framework; sourceTree = SDKROOT; };
		4097542D42FBFE74D71E1C7C = {isa = PBXFileReference; lastKnownFileType = file; name = "filmstro_audiohelpers"; path = "../../../../modules/filmstro_audiohelpers"; sourceTree = "SOURCE_ROOT"; };
		5103B1CC52834A583183ED16 = {isa = PBXFileReference; lastKnownFileType = file; name = "juce_audio_formats"; path = "$(HOME)/Developer/JUCE5/modules/juce_audio_formats"; sourceTree = "<absolute>"; };
		5722D085E4D59A06DA2C1F52 = {isa = PBXFileReference; lastKnownFileType = file; name = "juce_audio_devices"; path = "$(HOME)/Developer/JUCE5/modules/juce_audio_devices"; sourceTree = "<absolute>"; };
		5F355AC3BEDF1DD381D64AC4 = {isa = PBXFileReference; lastKnownFileType = wrapper.framework; name = CoreMIDI.framework; path = System/Library/Frameworks/CoreMIDI.framework; sourceTree = SDKROOT; };
		649A8ADD08000CC4B275FB77 = {isa = PBXFileReference; lastKnownFileType = file; name = "juce_core"; path = "$(HOME)/Developer/JUCE5/modules/juce_core"; sourceTree = "<absolute>"; };
		64C20FEB0E98A8604876E8C4 = {isa = PBXFileReference; lastKnownFileType = sourcecode.cpp.cpp; name = "include_filmstro_ffmpeg_FFmpegVideoWriter.cpp"; path = "../../JuceLibraryCode/include_filmstro_ffmpeg_FFmpegVideoWriter.cpp"; sourceTree = "SOURCE_ROOT"; };
		6842AEC0D468CE734CE2E5B2 = {isa = PBXFileReference; lastKnownFileType = sourcecode.cpp.objcpp; name = "include_juce_data_structures.mm"; path = "../../JuceLibraryCode/include_juce_data_structures.mm"; sourceTree = "SOURCE_ROOT"; };
		6B7C0F40679F9D07C4889747 = {isa = PBXFileReference; lastKnownFileType = sourcecode.cpp.objcpp; name = "include_juce_graphics.mm"; path = "../../JuceLibraryCode/include_juce_graphics.mm"; sourceTree = "SOURCE_ROOT"; };
		6E74633E379CAFF46801C50A = {isa = PBXFileReference; lastKnownFileType = wrapper.framework; name = DiscRecording.framework; path = System/Library/Frameworks/DiscRecording.framework; sourceTree = SDKROOT; };
		72B3EB8B6349F760C95A2A65 = {isa = PBXFileReference; lastKnownFileType = sourcecode.cpp.objcpp; name = "include_juce_core.mm"; path = "../../JuceLibraryCode/include_juce_core.mm"; sourceTree = "SOURCE_ROOT"; };
		7A4B3D1A08E4ACA35148011A = {isa = PBXFileReference; lastKnownFileType = text.plist.xml; name = "Info-App.plist"; path = "Info-App.plist"; sourceTree = "SOURCE_ROOT"; };
		7E3229A8D1D039E0163F0062 = {isa = PBXFileReference; lastKnownFileType = sourcecode.c.h; name = JuceHeader.h; path = ../../JuceLibraryCode/JuceHeader.h; sourceTree = "SOURCE_ROOT"; };
		8231D1A89D06EAA5D786C274 = {isa = PBXFileReference; lastKnownFileType = sourcecode.cpp.cpp; name = MainComponent.cpp; path = ../../Source/MainComponent.cpp; sourceTree = "SOURCE_ROOT"; };
		85B54901CCA0793E3ABBEEFF = {isa = PBXFileReference; lastKnownFileType = sourcecode.c.h; name = AppConfig.h; path = ../../JuceLibraryCode/AppConfig.h; sourceTree = "SOURCE_ROOT"; };
		8DCAD401AC3BCCDF445C0708 = {isa = PBXFileReference; lastKnownFileType = wrapper.framework; name = CoreAudio.framework; path = System/Library/Frameworks/CoreAudio.framework; sourceTree = SDKROOT; };
		9A9AE944A17C48B796CE18BC = {isa = PBXFileReference; lastKnownFileType = sourcecode.cpp.objcpp; name = "include_juce_audio_formats.mm"; path = "../../JuceLibraryCode/include_juce_audio_formats.mm"; sourceTree = "SOURCE_ROOT"; };
		9C0A3C064734664B6A2F920E = {isa = PBXFileReference; lastKnownFileType = file; name = "juce_gui_basics"; path = "$(HOME)/Developer/JUCE5/modules/juce_gui_basics"; sourceTree = "<absolute>"; };
		A1AA963775FBC38D5FAA3C2A = {isa = PBXFileReference; lastKnownFileType = file; name = "juce_events"; path = "$(HOME)/Developer/JUCE5/modules/juce_events"; sourceTree = "<absolute>"; };
		A256C97FACE8552FC0BB1ECA = {isa = PBXFileReference; lastKnownFileType = wrapper.framework; name = QuartzCore.framework; path = System/Library/Frameworks/QuartzCore.framework; sourceTree = SDKROOT; };
		A603155DC3DD8BAF0EDB1907 = {isa = PBXFileReference; lastKnownFileType = sourcecode.cpp.cpp; name = Main.cpp; path = ../../Source/Main.cpp; sourceTree = "SOURCE_ROOT"; };
		A721E37976C96E43BFCE5FB5 = {isa = PBXFileReference; lastKnownFileType = sourcecode.cpp.objcpp; name = "include_juce_audio_processors.mm"; path = "../../JuceLibraryCode/include_juce_audio_processors.mm"; sourceTree = "SOURCE_ROOT"; };
		AC0B8DE9B652EF02C72F4C85 = {isa = PBXFileReference; explicitFileType = wrapper.application; includeInIndex = 0; path = VideoPlayer.app; sourceTree = "BUILT_PRODUCTS_DIR"; };
		AD6F7F0286872B0C35386079 = {isa = PBXFileReference; lastKnownFileType = wrapper.framework; name = WebKit.framework; path = System/Library/Frameworks/WebKit.framework; sourceTree = SDKROOT; };
		B4B67259FA1C7304DA84B0DC = {isa = PBXFileReference; lastKnownFileType = file; name = "juce_audio_processors"; path = "$(HOME)/Developer/JUCE5/modules/juce_audio_processors"; sourceTree = "<absolute>"; };
		C132B4BC63B718BD40BE7A19 = {isa = PBXFileReference; lastKnownFileType = wrapper.framework; name = AudioToolbox.framework; path = System/Library/Frameworks/AudioToolbox.framework; sourceTree = SDKROOT; };
		C1AB14E4B472336EB3C8EC30 = {isa = PBXFileReference; lastKnownFileType = sourcecode.cpp.objcpp; name = "include_juce_audio_basics.mm"; path = "../../JuceLibraryCode/include_juce_audio_basics.mm"; sourceTree = "SOURCE_ROOT"; };
		D25B8445A0883F92A16C838A = {isa = PBXFileReference; lastKnownFileType = sourcecode.cpp.objcpp; name = "include_juce_events.mm"; path = "../../JuceLibraryCode/include_juce_events.mm"; sourceTree = "SOURCE_ROOT"; };
		D58B5902A1986F492ADF94FD = {isa = PBXFileReference; lastKnownFileType = wrapper.framework; name = IOKit.framework; path = System/Library/Frameworks/IOKit.framework; sourceTree = SDKROOT; };
		DA256C843B3991CCED326C10 = {isa = PBXFileReference; lastKnownFileType = wrapper.framework; name = Accelerate.framework; path = System/Library/Frameworks/Accelerate.framework; sourceTree = SDKROOT; };
		DA400EE8E94E93956DDB9627 = {isa = PBXFileReference; lastKnownFileType = file; name = "filmstro_ffmpeg"; path = "../../../../modules/filmstro_ffmpeg"; sourceTree = "SOURCE_ROOT"; };
		E0D4122BA367AC8A92B8DD86 = {isa = PBXFileReference; lastKnownFileType = sourcecode.cpp.objcpp; name = "include_juce_gui_basics.mm"; path = "../../JuceLibraryCode/include_juce_gui_basics.mm"; sourceTree = "SOURCE_ROOT"; };
		EDD23AC3CB0193C43BC847B1 = {isa = PBXFileReference; lastKnownFileType = file; name = "juce_graphics"; path = "$(HOME)/Developer/JUCE5/modules/juce_graphics"; sourceTree = "<absolute>"; };
		F944AA6212B021E56B100E2B = {isa = PBXFileReference; lastKnownFileType = wrapper.framework; name = OpenGL.framework; path = System/Library/Frameworks/OpenGL.framework; sourceTree = SDKROOT; };
		F9FB64986042B18867077214 = {isa = PBXFileReference; lastKnownFileType = sourcecode.cpp.cpp; name = "include_filmstro_ffmpeg_FFmpegVideoComponent.cpp"; path = "../../JuceLibraryCode/include_filmstro_ffmpeg_FFmpegVideoComponent.cpp"; sourceTree = "SOURCE_ROOT"; };
		F9FE8A17D76024FB3A44D677 = {isa = PBXFileReference; lastKnownFileType = sourcecode.cpp.objcpp; name = "include_juce_audio_utils.mm"; path = "../../JuceLibraryCode/include_juce_audio_utils.mm"; sourceTree = "SOURCE_ROOT"; };
		FE3B0EABAC5B604D8B17C310 = {isa = PBXFileReference; lastKnownFileType = file.nib; name = RecentFilesMenuTemplate.nib; path = RecentFilesMenuTemplate.nib; sourceTree = "SOURCE_ROOT"; };
		239C2F3A1D1C9ACC1F7FECAB = {isa = PBXGroup; children = (
					A603155DC3DD8BAF0EDB1907,
					8231D1A89D06EAA5D786C274,
					298413391BA71FD5A419CD37, ); name = Source; sourceTree = "<group>"; };
		B0617B191DE7E8002290DA7C = {isa = PBXGroup; children = (
					239C2F3A1D1C9ACC1F7FECAB, ); name = VideoPlayer; sourceTree = "<group>"; };
		D59E63176C7C2B243765D1DD = {isa = PBXGroup; children = (
					4097542D42FBFE74D71E1C7C,
					DA400EE8E94E93956DDB9627,
					2E0E76D52BF25D4CCA6A070F,
					5722D085E4D59A06DA2C1F52,
					5103B1CC52834A583183ED16,
					B4B67259FA1C7304DA84B0DC,
					312AE76E53D264D5A8EA735A,
					649A8ADD08000CC4B275FB77,
					14A316580016434BFC3667B7,
					A1AA963775FBC38D5FAA3C2A,
					EDD23AC3CB0193C43BC847B1,
					9C0A3C064734664B6A2F920E,
					193A876E5F452837D7470CB0,
					1FBDAABB5C4415318FC1E848, ); name = "Juce Modules"; sourceTree = "<group>"; };
		26571B325245E0DFF0B35CBE = {isa = PBXGroup; children = (
					85B54901CCA0793E3ABBEEFF,
					F9FB64986042B18867077214,
					2B5991290E191ABFEF31E152,
					64C20FEB0E98A8604876E8C4,
					C1AB14E4B472336EB3C8EC30,
					3825CDE4D6CC2496653314C4,
					9A9AE944A17C48B796CE18BC,
					A721E37976C96E43BFCE5FB5,
					F9FE8A17D76024FB3A44D677,
					72B3EB8B6349F760C95A2A65,
					6842AEC0D468CE734CE2E5B2,
					D25B8445A0883F92A16C838A,
					6B7C0F40679F9D07C4889747,
					E0D4122BA367AC8A92B8DD86,
					1EDDF3556E99419D8A12BC28,
					2E68C008D964AA1DC071CA8A,
					7E3229A8D1D039E0163F0062, ); name = "Juce Library Code"; sourceTree = "<group>"; };
		2BA69C593CE7A3FA9C531B0B = {isa = PBXGroup; children = (
					7A4B3D1A08E4ACA35148011A,
					FE3B0EABAC5B604D8B17C310, ); name = Resources; sourceTree = "<group>"; };
		2597F53E7CC51239357C9B77 = {isa = PBXGroup; children = (
					DA256C843B3991CCED326C10,
					C132B4BC63B718BD40BE7A19,
					40534B876F33202D48BC6909,
					29B50223CE43941FC0CA1624,
					8DCAD401AC3BCCDF445C0708,
					5F355AC3BEDF1DD381D64AC4,
					6E74633E379CAFF46801C50A,
					D58B5902A1986F492ADF94FD,
					F944AA6212B021E56B100E2B,
					A256C97FACE8552FC0BB1ECA,
					AD6F7F0286872B0C35386079, ); name = Frameworks; sourceTree = "<group>"; };
		75F7330D5B78C5839CA28362 = {isa = PBXGroup; children = (
					AC0B8DE9B652EF02C72F4C85, ); name = Products; sourceTree = "<group>"; };
		4EEC147205AD3C89D5B0A5A2 = {isa = PBXGroup; children = (
					B0617B191DE7E8002290DA7C,
					D59E63176C7C2B243765D1DD,
					26571B325245E0DFF0B35CBE,
					2BA69C593CE7A3FA9C531B0B,
					2597F53E7CC51239357C9B77,
					75F7330D5B78C5839CA28362, ); name = Source; sourceTree = "<group>"; };
		6354A2513F212189A7347FA6 = {isa = XCBuildConfiguration; buildSettings = {
				CLANG_CXX_LANGUAGE_STANDARD = "c++0x";
				CLANG_CXX_LANGUAGE_STANDARD = "c++11";
				CLANG_CXX_LIBRARY = "libc++";
				CLANG_LINK_OBJC_RUNTIME = NO;
				COMBINE_HIDPI_IMAGES = YES;
				CONFIGURATION_BUILD_DIR = "$(PROJECT_DIR)/build/$(CONFIGURATION)";
				COPY_PHASE_STRIP = NO;
				GCC_DYNAMIC_NO_PIC = NO;
				GCC_OPTIMIZATION_LEVEL = 0;
				GCC_PREPROCESSOR_DEFINITIONS = (
					"_DEBUG=1",
					"DEBUG=1",
					"FFMPEG_ROOT=/usr/local",
					"JUCER_XCODE_MAC_F6D2F4CF=1",
					"JUCE_APP_VERSION=1.0.0",
					"JUCE_APP_VERSION_HEX=0x10000",
					"JucePlugin_Build_VST=0",
					"JucePlugin_Build_VST3=0",
					"JucePlugin_Build_AU=0",
					"JucePlugin_Build_AUv3=0",
					"JucePlugin_Build_RTAS=0",
					"JucePlugin_Build_AAX=0",
					"JucePlugin_Build_Standalone=0", );
				GCC_VERSION = com.apple.compilers.llvm.clang.1_0;
				HEADER_SEARCH_PATHS = ("../../JuceLibraryCode", "../../../../modules", "~/Developer/JUCE5/modules", "$(inherited)");
				INFOPLIST_FILE = Info-App.plist;
				INFOPLIST_PREPROCESS = NO;
				INSTALL_PATH = "$(HOME)/Applications";
				MACOSX_DEPLOYMENT_TARGET = 10.7;
				MACOSX_DEPLOYMENT_TARGET_ppc = 10.4;
				OTHER_CPLUSPLUSFLAGS = "-Wno-reserved-user-defined-literal -I/usr/local/include";
				OTHER_LDFLAGS = "-L/usr/local/lib -lavformat -lavutil -lavcodec -lswscale -lswresample";
				PRODUCT_BUNDLE_IDENTIFIER = com.yourcompany.VideoLibTest;
				SDKROOT_ppc = macosx10.5;
				USE_HEADERMAP = NO; }; name = Debug; };
		3018F4FA017C2934998F26DB = {isa = XCBuildConfiguration; buildSettings = {
				CLANG_CXX_LANGUAGE_STANDARD = "c++0x";
				CLANG_CXX_LANGUAGE_STANDARD = "c++11";
				CLANG_CXX_LIBRARY = "libc++";
				CLANG_LINK_OBJC_RUNTIME = NO;
				COMBINE_HIDPI_IMAGES = YES;
				CONFIGURATION_BUILD_DIR = "$(PROJECT_DIR)/build/$(CONFIGURATION)";
				DEAD_CODE_STRIPPING = YES;
				GCC_GENERATE_DEBUGGING_SYMBOLS = NO;
				GCC_OPTIMIZATION_LEVEL = 3;
				GCC_PREPROCESSOR_DEFINITIONS = (
					"_NDEBUG=1",
					"NDEBUG=1",
					"FFMPEG_ROOT=/usr/local",
					"JUCER_XCODE_MAC_F6D2F4CF=1",
					"JUCE_APP_VERSION=1.0.0",
					"JUCE_APP_VERSION_HEX=0x10000",
					"JucePlugin_Build_VST=0",
					"JucePlugin_Build_VST3=0",
					"JucePlugin_Build_AU=0",
					"JucePlugin_Build_AUv3=0",
					"JucePlugin_Build_RTAS=0",
					"JucePlugin_Build_AAX=0",
					"JucePlugin_Build_Standalone=0", );
				GCC_SYMBOLS_PRIVATE_EXTERN = YES;
				GCC_VERSION = com.apple.compilers.llvm.clang.1_0;
				HEADER_SEARCH_PATHS = ("../../JuceLibraryCode", "../../../../modules", "~/Developer/JUCE5/modules", "$(inherited)");
				INFOPLIST_FILE = Info-App.plist;
				INFOPLIST_PREPROCESS = NO;
				INSTALL_PATH = "$(HOME)/Applications";
				MACOSX_DEPLOYMENT_TARGET = 10.7;
				MACOSX_DEPLOYMENT_TARGET_ppc = 10.4;
				OTHER_CPLUSPLUSFLAGS = "-Wno-reserved-user-defined-literal -I/usr/local/include";
				OTHER_LDFLAGS = "-L/usr/local/lib -lavformat -lavutil -lavcodec -lswscale -lswresample";
				PRODUCT_BUNDLE_IDENTIFIER = com.yourcompany.VideoLibTest;
				SDKROOT_ppc = macosx10.5;
				USE_HEADERMAP = NO; }; name = Release; };
		CB15DC7BD7C85A27FED39D67 = {isa = XCBuildConfiguration; buildSettings = {
				ALWAYS_SEARCH_USER_PATHS = NO;
				DEBUG_INFORMATION_FORMAT = "dwarf";
				ENABLE_TESTABILITY = YES;
				GCC_C_LANGUAGE_STANDARD = c11;
				GCC_INLINES_ARE_PRIVATE_EXTERN = YES;
				GCC_MODEL_TUNING = G5;
				GCC_WARN_ABOUT_RETURN_TYPE = YES;
				GCC_WARN_CHECK_SWITCH_STATEMENTS = YES;
				GCC_WARN_MISSING_PARENTHESES = YES;
				GCC_WARN_NON_VIRTUAL_DESTRUCTOR = YES;
				GCC_WARN_TYPECHECK_CALLS_TO_PRINTF = YES;
				GCC_WARN_UNUSED_VARIABLE = YES;
				ONLY_ACTIVE_ARCH = YES;
				PRODUCT_NAME = "VideoPlayer";
				WARNING_CFLAGS = -Wreorder;
				ZERO_LINK = NO; }; name = Debug; };
		E8EACC2F0C79898CBEAA60EA = {isa = XCBuildConfiguration; buildSettings = {
				ALWAYS_SEARCH_USER_PATHS = NO;
				DEBUG_INFORMATION_FORMAT = "dwarf";
				GCC_C_LANGUAGE_STANDARD = c11;
				GCC_INLINES_ARE_PRIVATE_EXTERN = YES;
				GCC_MODEL_TUNING = G5;
				GCC_WARN_ABOUT_RETURN_TYPE = YES;
				GCC_WARN_CHECK_SWITCH_STATEMENTS = YES;
				GCC_WARN_MISSING_PARENTHESES = YES;
				GCC_WARN_NON_VIRTUAL_DESTRUCTOR = YES;
				GCC_WARN_TYPECHECK_CALLS_TO_PRINTF = YES;
				GCC_WARN_UNUSED_VARIABLE = YES;
				PRODUCT_NAME = "VideoPlayer";
				WARNING_CFLAGS = -Wreorder;
				ZERO_LINK = NO; }; name = Release; };
		E0A5027F499D1116E4A2F1E9 = {isa = PBXTargetDependency; target = 0703591482F018AC57E1DE0A; };
		6A0C2331CDE9D6CF53FDD980 = {isa = XCConfigurationList; buildConfigurations = (
					CB15DC7BD7C85A27FED39D67,
					E8EACC2F0C79898CBEAA60EA, ); defaultConfigurationIsVisible = 0; defaultConfigurationName = Debug; };
		69AFE1BA2B8E1EE63D34AE47 = {isa = XCConfigurationList; buildConfigurations = (
					6354A2513F212189A7347FA6,
					3018F4FA017C2934998F26DB, ); defaultConfigurationIsVisible = 0; defaultConfigurationName = Debug; };
		1EE9AE7158F6A5746A5F8257 = {isa = PBXResourcesBuildPhase; buildActionMask = 2147483647; files = (
					F44FA0356BEEB00E24508DEA, ); runOnlyForDeploymentPostprocessing = 0; };
		A7ED28578EE2FC7BFAA84ACC = {isa = PBXSourcesBuildPhase; buildActionMask = 2147483647; files = (
					2C9ACC9A77A6DBB928599446,
					1810045F911B5823D455D0C8,
					807CAF1DA8022EC113666D53,
					BADEADCD80E12B6C41F975C5,
					C98B30418F3C910D157C788B,
					E815DA34E73D81E956991516,
					6F5EF43421951D9A81F19605,
					CFDBFE307CE4390192AEFE65,
					6F5994E0A2EBCB11EBDA8F97,
					614548C65D79BCD8C2E2B080,
					B88D70D6298A83845141FCDC,
					D4F10ED38F65A89861BDA512,
					0A7D29CCF315421EDF5CD0C0,
					AC782695E21D1E7BC8D5B3BC,
					0966ED99B28466B63553C101,
					F363565EBD7E71C4DEC55CAA,
					B6C47809B405C1DDEC568FB4, ); runOnlyForDeploymentPostprocessing = 0; };
		9B70C6BF09C465C2B819793E = {isa = PBXFrameworksBuildPhase; buildActionMask = 2147483647; files = (
					AF2261CB96FA1D5D65BEB8DB,
					E909AE9E824E59AE14B589DB,
					4C1FF712B3CB1258906B77D9,
					CA70FE08C305E1AE1F9B0C69,
					5931DC04CB246B6D2ED66EC3,
					DC1CDB9FB693CF56DDC21ED4,
					DBD010C72F78ABBFA5236D74,
					E86B5C9461D5D815E1902618,
					7982B337039157A37960E50C,
					F2D512C48FAFA2EDFDC4B0D3,
					208D3D34B1B75C0C2F5A22FC, ); runOnlyForDeploymentPostprocessing = 0; };
		0703591482F018AC57E1DE0A = {isa = PBXNativeTarget; buildConfigurationList = 69AFE1BA2B8E1EE63D34AE47; buildPhases = (
					1EE9AE7158F6A5746A5F8257,
					A7ED28578EE2FC7BFAA84ACC,
					9B70C6BF09C465C2B819793E, ); buildRules = ( ); dependencies = (  ); name = "VideoPlayer - App"; productName = VideoPlayer; productReference = AC0B8DE9B652EF02C72F4C85; productType = "com.apple.product-type.application"; };
		DBEAB7551A6EA6959135DAB2 = {isa = PBXProject; buildConfigurationList = 6A0C2331CDE9D6CF53FDD980; attributes = { LastUpgradeCheck = 0830; TargetAttributes = { 0703591482F018AC57E1DE0A = { SystemCapabilities = {com.apple.InAppPurchase = { enabled = 0; }; com.apple.InterAppAudio = { enabled = 0; }; com.apple.Sandbox = { enabled = 0; }; }; }; }; }; compatibilityVersion = "Xcode 3.2"; hasScannedForEncodings = 0; mainGroup = 4EEC147205AD3C89D5B0A5A2; projectDirPath = ""; projectRoot = ""; targets = (0703591482F018AC57E1DE0A); };
	};
	rootObject = DBEAB7551A6EA6959135DAB2;
}
